// !$*UTF8*$!
{
	archiveVersion = 1;
	classes = {
	};
	objectVersion = 48;
	objects = {

/* Begin PBXBuildFile section */
		DC15439EBB8C8414091B6D9F /* Pods_FastMovie.framework in Frameworks */ = {isa = PBXBuildFile; fileRef = 8D3649E1AA26169EE5D29825 /* Pods_FastMovie.framework */; };
		EC1C72AF200D32CB00D7120D /* Default-568h@2x.png in Resources */ = {isa = PBXBuildFile; fileRef = EC1C72AE200D32CB00D7120D /* Default-568h@2x.png */; };
		ECC26257200D20240025DCA1 /* AppDelegate.swift in Sources */ = {isa = PBXBuildFile; fileRef = ECC26256200D20240025DCA1 /* AppDelegate.swift */; };
		ECC2625C200D20240025DCA1 /* Main.storyboard in Resources */ = {isa = PBXBuildFile; fileRef = ECC2625A200D20240025DCA1 /* Main.storyboard */; };
		ECC2625E200D20240025DCA1 /* Assets.xcassets in Resources */ = {isa = PBXBuildFile; fileRef = ECC2625D200D20240025DCA1 /* Assets.xcassets */; };
		ECC26261200D20240025DCA1 /* LaunchScreen.storyboard in Resources */ = {isa = PBXBuildFile; fileRef = ECC2625F200D20240025DCA1 /* LaunchScreen.storyboard */; };
		ECC2626C200D20240025DCA1 /* FastMovieTests.swift in Sources */ = {isa = PBXBuildFile; fileRef = ECC2626B200D20240025DCA1 /* FastMovieTests.swift */; };
		ECF7BA35200E6BB9001F88C3 /* GetRequestable.swift in Sources */ = {isa = PBXBuildFile; fileRef = ECF7BA34200E6BB9001F88C3 /* GetRequestable.swift */; };
		ECF7BA37200E6BCB001F88C3 /* GetRequest.swift in Sources */ = {isa = PBXBuildFile; fileRef = ECF7BA36200E6BCB001F88C3 /* GetRequest.swift */; };
		ECF7BA3B200E6C21001F88C3 /* GetRequestFactory.swift in Sources */ = {isa = PBXBuildFile; fileRef = ECF7BA3A200E6C21001F88C3 /* GetRequestFactory.swift */; };
		ECF7BA3D200E6C35001F88C3 /* NetworkError.swift in Sources */ = {isa = PBXBuildFile; fileRef = ECF7BA3C200E6C35001F88C3 /* NetworkError.swift */; };
		ECF7BA40200E6C84001F88C3 /* String+Constants.swift in Sources */ = {isa = PBXBuildFile; fileRef = ECF7BA3F200E6C84001F88C3 /* String+Constants.swift */; };
		ECF7BA46200E7D9B001F88C3 /* CompletionHandler.swift in Sources */ = {isa = PBXBuildFile; fileRef = ECF7BA45200E7D9B001F88C3 /* CompletionHandler.swift */; };
		ECF7BA48200E7DAE001F88C3 /* Result.swift in Sources */ = {isa = PBXBuildFile; fileRef = ECF7BA47200E7DAE001F88C3 /* Result.swift */; };
		ECF7BA4A200E7DDD001F88C3 /* GenerateResultArrayToArray.swift in Sources */ = {isa = PBXBuildFile; fileRef = ECF7BA49200E7DDD001F88C3 /* GenerateResultArrayToArray.swift */; };
		ECF7BA4C200E7DF2001F88C3 /* GenerateResultObjectToArray.swift in Sources */ = {isa = PBXBuildFile; fileRef = ECF7BA4B200E7DF2001F88C3 /* GenerateResultObjectToArray.swift */; };
		ECF7BA4E200E7E09001F88C3 /* GenerateResultObjectToObject.swift in Sources */ = {isa = PBXBuildFile; fileRef = ECF7BA4D200E7E09001F88C3 /* GenerateResultObjectToObject.swift */; };
		ECF7BA54200E820E001F88C3 /* Genre.swift in Sources */ = {isa = PBXBuildFile; fileRef = ECF7BA53200E820E001F88C3 /* Genre.swift */; };
		ECF7BA56200E821C001F88C3 /* GenreCodable.swift in Sources */ = {isa = PBXBuildFile; fileRef = ECF7BA55200E821C001F88C3 /* GenreCodable.swift */; };
		ECF7BA58200E82EA001F88C3 /* GenresGateway.swift in Sources */ = {isa = PBXBuildFile; fileRef = ECF7BA57200E82EA001F88C3 /* GenresGateway.swift */; };
		ECF7BA5A200E8335001F88C3 /* GenresNetworkGateway.swift in Sources */ = {isa = PBXBuildFile; fileRef = ECF7BA59200E8335001F88C3 /* GenresNetworkGateway.swift */; };
		ECF7BA60200E854C001F88C3 /* GenresNetworkGatewayFactory.swift in Sources */ = {isa = PBXBuildFile; fileRef = ECF7BA5F200E854C001F88C3 /* GenresNetworkGatewayFactory.swift */; };
		ECF7BA76200EB084001F88C3 /* GenreMovieCodable.swift in Sources */ = {isa = PBXBuildFile; fileRef = ECF7BA75200EB084001F88C3 /* GenreMovieCodable.swift */; };
		ECF7BA78200EB127001F88C3 /* GenreMovie.swift in Sources */ = {isa = PBXBuildFile; fileRef = ECF7BA77200EB127001F88C3 /* GenreMovie.swift */; };
		ECF7BA7A200EB175001F88C3 /* MovieCodable.swift in Sources */ = {isa = PBXBuildFile; fileRef = ECF7BA79200EB175001F88C3 /* MovieCodable.swift */; };
		ECF7BA7C200EB18A001F88C3 /* Movie.swift in Sources */ = {isa = PBXBuildFile; fileRef = ECF7BA7B200EB18A001F88C3 /* Movie.swift */; };
		ECF7BA80200ECA4A001F88C3 /* MovieGateway.swift in Sources */ = {isa = PBXBuildFile; fileRef = ECF7BA7F200ECA4A001F88C3 /* MovieGateway.swift */; };
		ECF7BA82200ECA5C001F88C3 /* MovieNeteworkGateway.swift in Sources */ = {isa = PBXBuildFile; fileRef = ECF7BA81200ECA5C001F88C3 /* MovieNeteworkGateway.swift */; };
		ECF7BA84200ED096001F88C3 /* MovieNeteworkGatewayFake.swift in Sources */ = {isa = PBXBuildFile; fileRef = ECF7BA83200ED096001F88C3 /* MovieNeteworkGatewayFake.swift */; };
		ECF7BA8A200EE585001F88C3 /* GenreListTableViewController.swift in Sources */ = {isa = PBXBuildFile; fileRef = ECF7BA89200EE585001F88C3 /* GenreListTableViewController.swift */; };
		ECF7BA8E200EEFB7001F88C3 /* GenresInterector.swift in Sources */ = {isa = PBXBuildFile; fileRef = ECF7BA8D200EEFB7001F88C3 /* GenresInterector.swift */; };
		ECF7BA90200EEFC7001F88C3 /* GenresPresenter.swift in Sources */ = {isa = PBXBuildFile; fileRef = ECF7BA8F200EEFC7001F88C3 /* GenresPresenter.swift */; };
		ECF7BA94200EF368001F88C3 /* GenresInterectorFactory.swift in Sources */ = {isa = PBXBuildFile; fileRef = ECF7BA93200EF368001F88C3 /* GenresInterectorFactory.swift */; };
		ECF7BA96200EF3EA001F88C3 /* GenresPresenterFactory.swift in Sources */ = {isa = PBXBuildFile; fileRef = ECF7BA95200EF3EA001F88C3 /* GenresPresenterFactory.swift */; };
		ECF7BA9A200EFF99001F88C3 /* GenresPresentation.swift in Sources */ = {isa = PBXBuildFile; fileRef = ECF7BA99200EFF99001F88C3 /* GenresPresentation.swift */; };
		ECF7BAA0200F1F3C001F88C3 /* GenreTableViewCell.swift in Sources */ = {isa = PBXBuildFile; fileRef = ECF7BA9E200F1F3C001F88C3 /* GenreTableViewCell.swift */; };
		ECF7BAA1200F1F3C001F88C3 /* GenreTableViewCell.xib in Resources */ = {isa = PBXBuildFile; fileRef = ECF7BA9F200F1F3C001F88C3 /* GenreTableViewCell.xib */; };
		ECF7BAA4200F2392001F88C3 /* TableDataSource.swift in Sources */ = {isa = PBXBuildFile; fileRef = ECF7BAA3200F2392001F88C3 /* TableDataSource.swift */; };
		ECF7BAA6200F23D7001F88C3 /* ViewCellHandler.swift in Sources */ = {isa = PBXBuildFile; fileRef = ECF7BAA5200F23D7001F88C3 /* ViewCellHandler.swift */; };
		ECF7BAA9200F23FF001F88C3 /* Identifiable.swift in Sources */ = {isa = PBXBuildFile; fileRef = ECF7BAA8200F23FF001F88C3 /* Identifiable.swift */; };
		ECF7BAAD200F2ABB001F88C3 /* UIColor+RandomColor.swift in Sources */ = {isa = PBXBuildFile; fileRef = ECF7BAAC200F2ABB001F88C3 /* UIColor+RandomColor.swift */; };
		ECFB9D9F200FCBBB00C5BD38 /* UIView+CornerRadius.swift in Sources */ = {isa = PBXBuildFile; fileRef = ECFB9D9E200FCBBB00C5BD38 /* UIView+CornerRadius.swift */; };
		ECFB9DA6200FCFB000C5BD38 /* GenreMovieCollectionViewCell.swift in Sources */ = {isa = PBXBuildFile; fileRef = ECFB9DA4200FCFB000C5BD38 /* GenreMovieCollectionViewCell.swift */; };
		ECFB9DA7200FCFB000C5BD38 /* GenreMovieCollectionViewCell.xib in Resources */ = {isa = PBXBuildFile; fileRef = ECFB9DA5200FCFB000C5BD38 /* GenreMovieCollectionViewCell.xib */; };
		ECFB9DA9200FD01600C5BD38 /* GenreMovieListViewController.swift in Sources */ = {isa = PBXBuildFile; fileRef = ECFB9DA8200FD01600C5BD38 /* GenreMovieListViewController.swift */; };
		ECFB9DAB200FDFD800C5BD38 /* CollectionDataSource.swift in Sources */ = {isa = PBXBuildFile; fileRef = ECFB9DAA200FDFD800C5BD38 /* CollectionDataSource.swift */; };
		ECFB9DBC200FE62500C5BD38 /* GenreMoviesGateway.swift in Sources */ = {isa = PBXBuildFile; fileRef = ECFB9DBB200FE62500C5BD38 /* GenreMoviesGateway.swift */; };
		ECFB9DBE200FE65300C5BD38 /* GenreMoviesNetworkGateway.swift in Sources */ = {isa = PBXBuildFile; fileRef = ECFB9DBD200FE65300C5BD38 /* GenreMoviesNetworkGateway.swift */; };
		ECFB9DC0200FE70200C5BD38 /* GenreMoviesInterector.swift in Sources */ = {isa = PBXBuildFile; fileRef = ECFB9DBF200FE70200C5BD38 /* GenreMoviesInterector.swift */; };
		ECFB9DC6200FE74E00C5BD38 /* GenreMoviesNetworkGatewayFactory.swift in Sources */ = {isa = PBXBuildFile; fileRef = ECFB9DC5200FE74E00C5BD38 /* GenreMoviesNetworkGatewayFactory.swift */; };
		ECFB9DC8200FEA5100C5BD38 /* GenreMoviesPresenter.swift in Sources */ = {isa = PBXBuildFile; fileRef = ECFB9DC7200FEA5100C5BD38 /* GenreMoviesPresenter.swift */; };
		ECFB9DCA200FEA6000C5BD38 /* GenreMoviesPresentation.swift in Sources */ = {isa = PBXBuildFile; fileRef = ECFB9DC9200FEA6000C5BD38 /* GenreMoviesPresentation.swift */; };
		ECFB9DCC200FEAE400C5BD38 /* GenreMoviesInterectorFactory.swift in Sources */ = {isa = PBXBuildFile; fileRef = ECFB9DCB200FEAE400C5BD38 /* GenreMoviesInterectorFactory.swift */; };
		ECFB9DCE200FECBE00C5BD38 /* GenreMoviesPresenterFactory.swift in Sources */ = {isa = PBXBuildFile; fileRef = ECFB9DCD200FECBE00C5BD38 /* GenreMoviesPresenterFactory.swift */; };
		ECFB9DD120100AF300C5BD38 /* SceneType.swift in Sources */ = {isa = PBXBuildFile; fileRef = ECFB9DD020100AF300C5BD38 /* SceneType.swift */; };
		ECFB9DD320100CA900C5BD38 /* Scene.swift in Sources */ = {isa = PBXBuildFile; fileRef = ECFB9DD220100CA900C5BD38 /* Scene.swift */; };
		ECFB9DD520100D0600C5BD38 /* Scene+SceneType.swift in Sources */ = {isa = PBXBuildFile; fileRef = ECFB9DD420100D0600C5BD38 /* Scene+SceneType.swift */; };
		ECFB9DD720100D9400C5BD38 /* StoryboardIdentifier.swift in Sources */ = {isa = PBXBuildFile; fileRef = ECFB9DD620100D9400C5BD38 /* StoryboardIdentifier.swift */; };
		ECFB9DDA20100F5D00C5BD38 /* Injectable.swift in Sources */ = {isa = PBXBuildFile; fileRef = ECFB9DD920100F5D00C5BD38 /* Injectable.swift */; };
		ECFB9DDC2010115700C5BD38 /* SceneCoordinatorType.swift in Sources */ = {isa = PBXBuildFile; fileRef = ECFB9DDB2010115700C5BD38 /* SceneCoordinatorType.swift */; };
		ECFB9DDE2010131000C5BD38 /* SceneCoordinator.swift in Sources */ = {isa = PBXBuildFile; fileRef = ECFB9DDD2010131000C5BD38 /* SceneCoordinator.swift */; };
		ECFB9DE02010136100C5BD38 /* SceneTransition.swift in Sources */ = {isa = PBXBuildFile; fileRef = ECFB9DDF2010136100C5BD38 /* SceneTransition.swift */; };
		ECFB9DE22010168700C5BD38 /* UINavigationController+PushCompletion.swift in Sources */ = {isa = PBXBuildFile; fileRef = ECFB9DE12010168700C5BD38 /* UINavigationController+PushCompletion.swift */; };
		ECFB9DE4201024B700C5BD38 /* MovieViewController.swift in Sources */ = {isa = PBXBuildFile; fileRef = ECFB9DE3201024B700C5BD38 /* MovieViewController.swift */; };
		ECFB9DE92010598300C5BD38 /* DataSession.swift in Sources */ = {isa = PBXBuildFile; fileRef = ECFB9DE82010598300C5BD38 /* DataSession.swift */; };
		ECFB9DED20107A9B00C5BD38 /* ErrorViewController.swift in Sources */ = {isa = PBXBuildFile; fileRef = ECFB9DEB20107A9B00C5BD38 /* ErrorViewController.swift */; };
		ECFB9DEE20107A9B00C5BD38 /* ErrorViewController.xib in Resources */ = {isa = PBXBuildFile; fileRef = ECFB9DEC20107A9B00C5BD38 /* ErrorViewController.xib */; };
		ECFB9DF020107DD000C5BD38 /* ErrorManager.swift in Sources */ = {isa = PBXBuildFile; fileRef = ECFB9DEF20107DD000C5BD38 /* ErrorManager.swift */; };
		ECFB9DF420113A2200C5BD38 /* MovieInterector.swift in Sources */ = {isa = PBXBuildFile; fileRef = ECFB9DF320113A2200C5BD38 /* MovieInterector.swift */; };
		ECFB9DF620113EF600C5BD38 /* MoviePresentation.swift in Sources */ = {isa = PBXBuildFile; fileRef = ECFB9DF520113EF600C5BD38 /* MoviePresentation.swift */; };
		ECFB9DF820113F0300C5BD38 /* MoviePresenter.swift in Sources */ = {isa = PBXBuildFile; fileRef = ECFB9DF720113F0300C5BD38 /* MoviePresenter.swift */; };
		ECFB9DFE20113F7700C5BD38 /* MovieInterectorFactory.swift in Sources */ = {isa = PBXBuildFile; fileRef = ECFB9DFD20113F7700C5BD38 /* MovieInterectorFactory.swift */; };
		ECFB9E02201141F800C5BD38 /* MoviePresenterFactory.swift in Sources */ = {isa = PBXBuildFile; fileRef = ECFB9E01201141F800C5BD38 /* MoviePresenterFactory.swift */; };
/* End PBXBuildFile section */

/* Begin PBXContainerItemProxy section */
		ECC26268200D20240025DCA1 /* PBXContainerItemProxy */ = {
			isa = PBXContainerItemProxy;
			containerPortal = ECC2624B200D20240025DCA1 /* Project object */;
			proxyType = 1;
			remoteGlobalIDString = ECC26252200D20240025DCA1;
			remoteInfo = FastMovie;
		};
/* End PBXContainerItemProxy section */

/* Begin PBXFileReference section */
		85BA3B34E9DD3B195F76BD62 /* Pods-FastMovie.debug.xcconfig */ = {isa = PBXFileReference; includeInIndex = 1; lastKnownFileType = text.xcconfig; name = "Pods-FastMovie.debug.xcconfig"; path = "Pods/Target Support Files/Pods-FastMovie/Pods-FastMovie.debug.xcconfig"; sourceTree = "<group>"; };
		8D3649E1AA26169EE5D29825 /* Pods_FastMovie.framework */ = {isa = PBXFileReference; explicitFileType = wrapper.framework; includeInIndex = 0; path = Pods_FastMovie.framework; sourceTree = BUILT_PRODUCTS_DIR; };
		CFBC7D83DCE8106677A50F42 /* Pods-FastMovie.release.xcconfig */ = {isa = PBXFileReference; includeInIndex = 1; lastKnownFileType = text.xcconfig; name = "Pods-FastMovie.release.xcconfig"; path = "Pods/Target Support Files/Pods-FastMovie/Pods-FastMovie.release.xcconfig"; sourceTree = "<group>"; };
		EC1C72AE200D32CB00D7120D /* Default-568h@2x.png */ = {isa = PBXFileReference; lastKnownFileType = image.png; path = "Default-568h@2x.png"; sourceTree = "<group>"; };
		ECC26253200D20240025DCA1 /* FastMovie.app */ = {isa = PBXFileReference; explicitFileType = wrapper.application; includeInIndex = 0; path = FastMovie.app; sourceTree = BUILT_PRODUCTS_DIR; };
		ECC26256200D20240025DCA1 /* AppDelegate.swift */ = {isa = PBXFileReference; lastKnownFileType = sourcecode.swift; path = AppDelegate.swift; sourceTree = "<group>"; };
		ECC2625B200D20240025DCA1 /* Base */ = {isa = PBXFileReference; lastKnownFileType = file.storyboard; name = Base; path = Base.lproj/Main.storyboard; sourceTree = "<group>"; };
		ECC2625D200D20240025DCA1 /* Assets.xcassets */ = {isa = PBXFileReference; lastKnownFileType = folder.assetcatalog; path = Assets.xcassets; sourceTree = "<group>"; };
		ECC26260200D20240025DCA1 /* Base */ = {isa = PBXFileReference; lastKnownFileType = file.storyboard; name = Base; path = Base.lproj/LaunchScreen.storyboard; sourceTree = "<group>"; };
		ECC26262200D20240025DCA1 /* Info.plist */ = {isa = PBXFileReference; lastKnownFileType = text.plist.xml; path = Info.plist; sourceTree = "<group>"; };
		ECC26267200D20240025DCA1 /* FastMovieTests.xctest */ = {isa = PBXFileReference; explicitFileType = wrapper.cfbundle; includeInIndex = 0; path = FastMovieTests.xctest; sourceTree = BUILT_PRODUCTS_DIR; };
		ECC2626B200D20240025DCA1 /* FastMovieTests.swift */ = {isa = PBXFileReference; lastKnownFileType = sourcecode.swift; path = FastMovieTests.swift; sourceTree = "<group>"; };
		ECC2626D200D20240025DCA1 /* Info.plist */ = {isa = PBXFileReference; lastKnownFileType = text.plist.xml; path = Info.plist; sourceTree = "<group>"; };
		ECF7BA34200E6BB9001F88C3 /* GetRequestable.swift */ = {isa = PBXFileReference; lastKnownFileType = sourcecode.swift; path = GetRequestable.swift; sourceTree = "<group>"; };
		ECF7BA36200E6BCB001F88C3 /* GetRequest.swift */ = {isa = PBXFileReference; lastKnownFileType = sourcecode.swift; path = GetRequest.swift; sourceTree = "<group>"; };
		ECF7BA3A200E6C21001F88C3 /* GetRequestFactory.swift */ = {isa = PBXFileReference; lastKnownFileType = sourcecode.swift; path = GetRequestFactory.swift; sourceTree = "<group>"; };
		ECF7BA3C200E6C35001F88C3 /* NetworkError.swift */ = {isa = PBXFileReference; lastKnownFileType = sourcecode.swift; path = NetworkError.swift; sourceTree = "<group>"; };
		ECF7BA3F200E6C84001F88C3 /* String+Constants.swift */ = {isa = PBXFileReference; lastKnownFileType = sourcecode.swift; path = "String+Constants.swift"; sourceTree = "<group>"; };
		ECF7BA45200E7D9B001F88C3 /* CompletionHandler.swift */ = {isa = PBXFileReference; lastKnownFileType = sourcecode.swift; path = CompletionHandler.swift; sourceTree = "<group>"; };
		ECF7BA47200E7DAE001F88C3 /* Result.swift */ = {isa = PBXFileReference; lastKnownFileType = sourcecode.swift; path = Result.swift; sourceTree = "<group>"; };
		ECF7BA49200E7DDD001F88C3 /* GenerateResultArrayToArray.swift */ = {isa = PBXFileReference; lastKnownFileType = sourcecode.swift; path = GenerateResultArrayToArray.swift; sourceTree = "<group>"; };
		ECF7BA4B200E7DF2001F88C3 /* GenerateResultObjectToArray.swift */ = {isa = PBXFileReference; lastKnownFileType = sourcecode.swift; path = GenerateResultObjectToArray.swift; sourceTree = "<group>"; };
		ECF7BA4D200E7E09001F88C3 /* GenerateResultObjectToObject.swift */ = {isa = PBXFileReference; lastKnownFileType = sourcecode.swift; path = GenerateResultObjectToObject.swift; sourceTree = "<group>"; };
		ECF7BA53200E820E001F88C3 /* Genre.swift */ = {isa = PBXFileReference; lastKnownFileType = sourcecode.swift; path = Genre.swift; sourceTree = "<group>"; };
		ECF7BA55200E821C001F88C3 /* GenreCodable.swift */ = {isa = PBXFileReference; lastKnownFileType = sourcecode.swift; path = GenreCodable.swift; sourceTree = "<group>"; };
		ECF7BA57200E82EA001F88C3 /* GenresGateway.swift */ = {isa = PBXFileReference; lastKnownFileType = sourcecode.swift; path = GenresGateway.swift; sourceTree = "<group>"; };
		ECF7BA59200E8335001F88C3 /* GenresNetworkGateway.swift */ = {isa = PBXFileReference; lastKnownFileType = sourcecode.swift; path = GenresNetworkGateway.swift; sourceTree = "<group>"; };
		ECF7BA5F200E854C001F88C3 /* GenresNetworkGatewayFactory.swift */ = {isa = PBXFileReference; lastKnownFileType = sourcecode.swift; path = GenresNetworkGatewayFactory.swift; sourceTree = "<group>"; };
		ECF7BA75200EB084001F88C3 /* GenreMovieCodable.swift */ = {isa = PBXFileReference; lastKnownFileType = sourcecode.swift; path = GenreMovieCodable.swift; sourceTree = "<group>"; };
		ECF7BA77200EB127001F88C3 /* GenreMovie.swift */ = {isa = PBXFileReference; lastKnownFileType = sourcecode.swift; path = GenreMovie.swift; sourceTree = "<group>"; };
		ECF7BA79200EB175001F88C3 /* MovieCodable.swift */ = {isa = PBXFileReference; lastKnownFileType = sourcecode.swift; path = MovieCodable.swift; sourceTree = "<group>"; };
		ECF7BA7B200EB18A001F88C3 /* Movie.swift */ = {isa = PBXFileReference; lastKnownFileType = sourcecode.swift; path = Movie.swift; sourceTree = "<group>"; };
		ECF7BA7F200ECA4A001F88C3 /* MovieGateway.swift */ = {isa = PBXFileReference; lastKnownFileType = sourcecode.swift; path = MovieGateway.swift; sourceTree = "<group>"; };
		ECF7BA81200ECA5C001F88C3 /* MovieNeteworkGateway.swift */ = {isa = PBXFileReference; lastKnownFileType = sourcecode.swift; path = MovieNeteworkGateway.swift; sourceTree = "<group>"; };
		ECF7BA83200ED096001F88C3 /* MovieNeteworkGatewayFake.swift */ = {isa = PBXFileReference; lastKnownFileType = sourcecode.swift; path = MovieNeteworkGatewayFake.swift; sourceTree = "<group>"; };
		ECF7BA89200EE585001F88C3 /* GenreListTableViewController.swift */ = {isa = PBXFileReference; lastKnownFileType = sourcecode.swift; path = GenreListTableViewController.swift; sourceTree = "<group>"; };
		ECF7BA8D200EEFB7001F88C3 /* GenresInterector.swift */ = {isa = PBXFileReference; lastKnownFileType = sourcecode.swift; path = GenresInterector.swift; sourceTree = "<group>"; };
		ECF7BA8F200EEFC7001F88C3 /* GenresPresenter.swift */ = {isa = PBXFileReference; lastKnownFileType = sourcecode.swift; path = GenresPresenter.swift; sourceTree = "<group>"; };
		ECF7BA93200EF368001F88C3 /* GenresInterectorFactory.swift */ = {isa = PBXFileReference; lastKnownFileType = sourcecode.swift; path = GenresInterectorFactory.swift; sourceTree = "<group>"; };
		ECF7BA95200EF3EA001F88C3 /* GenresPresenterFactory.swift */ = {isa = PBXFileReference; lastKnownFileType = sourcecode.swift; path = GenresPresenterFactory.swift; sourceTree = "<group>"; };
		ECF7BA99200EFF99001F88C3 /* GenresPresentation.swift */ = {isa = PBXFileReference; lastKnownFileType = sourcecode.swift; path = GenresPresentation.swift; sourceTree = "<group>"; };
		ECF7BA9E200F1F3C001F88C3 /* GenreTableViewCell.swift */ = {isa = PBXFileReference; lastKnownFileType = sourcecode.swift; path = GenreTableViewCell.swift; sourceTree = "<group>"; };
		ECF7BA9F200F1F3C001F88C3 /* GenreTableViewCell.xib */ = {isa = PBXFileReference; lastKnownFileType = file.xib; path = GenreTableViewCell.xib; sourceTree = "<group>"; };
		ECF7BAA3200F2392001F88C3 /* TableDataSource.swift */ = {isa = PBXFileReference; lastKnownFileType = sourcecode.swift; path = TableDataSource.swift; sourceTree = "<group>"; };
		ECF7BAA5200F23D7001F88C3 /* ViewCellHandler.swift */ = {isa = PBXFileReference; lastKnownFileType = sourcecode.swift; path = ViewCellHandler.swift; sourceTree = "<group>"; };
		ECF7BAA8200F23FF001F88C3 /* Identifiable.swift */ = {isa = PBXFileReference; lastKnownFileType = sourcecode.swift; path = Identifiable.swift; sourceTree = "<group>"; };
		ECF7BAAC200F2ABB001F88C3 /* UIColor+RandomColor.swift */ = {isa = PBXFileReference; lastKnownFileType = sourcecode.swift; path = "UIColor+RandomColor.swift"; sourceTree = "<group>"; };
		ECFB9D9E200FCBBB00C5BD38 /* UIView+CornerRadius.swift */ = {isa = PBXFileReference; lastKnownFileType = sourcecode.swift; path = "UIView+CornerRadius.swift"; sourceTree = "<group>"; };
		ECFB9DA4200FCFB000C5BD38 /* GenreMovieCollectionViewCell.swift */ = {isa = PBXFileReference; lastKnownFileType = sourcecode.swift; path = GenreMovieCollectionViewCell.swift; sourceTree = "<group>"; };
		ECFB9DA5200FCFB000C5BD38 /* GenreMovieCollectionViewCell.xib */ = {isa = PBXFileReference; lastKnownFileType = file.xib; path = GenreMovieCollectionViewCell.xib; sourceTree = "<group>"; };
		ECFB9DA8200FD01600C5BD38 /* GenreMovieListViewController.swift */ = {isa = PBXFileReference; lastKnownFileType = sourcecode.swift; path = GenreMovieListViewController.swift; sourceTree = "<group>"; };
		ECFB9DAA200FDFD800C5BD38 /* CollectionDataSource.swift */ = {isa = PBXFileReference; lastKnownFileType = sourcecode.swift; path = CollectionDataSource.swift; sourceTree = "<group>"; };
		ECFB9DBB200FE62500C5BD38 /* GenreMoviesGateway.swift */ = {isa = PBXFileReference; lastKnownFileType = sourcecode.swift; path = GenreMoviesGateway.swift; sourceTree = "<group>"; };
		ECFB9DBD200FE65300C5BD38 /* GenreMoviesNetworkGateway.swift */ = {isa = PBXFileReference; lastKnownFileType = sourcecode.swift; path = GenreMoviesNetworkGateway.swift; sourceTree = "<group>"; };
		ECFB9DBF200FE70200C5BD38 /* GenreMoviesInterector.swift */ = {isa = PBXFileReference; lastKnownFileType = sourcecode.swift; path = GenreMoviesInterector.swift; sourceTree = "<group>"; };
		ECFB9DC5200FE74E00C5BD38 /* GenreMoviesNetworkGatewayFactory.swift */ = {isa = PBXFileReference; lastKnownFileType = sourcecode.swift; path = GenreMoviesNetworkGatewayFactory.swift; sourceTree = "<group>"; };
		ECFB9DC7200FEA5100C5BD38 /* GenreMoviesPresenter.swift */ = {isa = PBXFileReference; lastKnownFileType = sourcecode.swift; path = GenreMoviesPresenter.swift; sourceTree = "<group>"; };
		ECFB9DC9200FEA6000C5BD38 /* GenreMoviesPresentation.swift */ = {isa = PBXFileReference; lastKnownFileType = sourcecode.swift; path = GenreMoviesPresentation.swift; sourceTree = "<group>"; };
		ECFB9DCB200FEAE400C5BD38 /* GenreMoviesInterectorFactory.swift */ = {isa = PBXFileReference; lastKnownFileType = sourcecode.swift; path = GenreMoviesInterectorFactory.swift; sourceTree = "<group>"; };
		ECFB9DCD200FECBE00C5BD38 /* GenreMoviesPresenterFactory.swift */ = {isa = PBXFileReference; lastKnownFileType = sourcecode.swift; path = GenreMoviesPresenterFactory.swift; sourceTree = "<group>"; };
		ECFB9DD020100AF300C5BD38 /* SceneType.swift */ = {isa = PBXFileReference; lastKnownFileType = sourcecode.swift; path = SceneType.swift; sourceTree = "<group>"; };
		ECFB9DD220100CA900C5BD38 /* Scene.swift */ = {isa = PBXFileReference; lastKnownFileType = sourcecode.swift; path = Scene.swift; sourceTree = "<group>"; };
		ECFB9DD420100D0600C5BD38 /* Scene+SceneType.swift */ = {isa = PBXFileReference; lastKnownFileType = sourcecode.swift; path = "Scene+SceneType.swift"; sourceTree = "<group>"; };
		ECFB9DD620100D9400C5BD38 /* StoryboardIdentifier.swift */ = {isa = PBXFileReference; lastKnownFileType = sourcecode.swift; path = StoryboardIdentifier.swift; sourceTree = "<group>"; };
		ECFB9DD920100F5D00C5BD38 /* Injectable.swift */ = {isa = PBXFileReference; lastKnownFileType = sourcecode.swift; path = Injectable.swift; sourceTree = "<group>"; };
		ECFB9DDB2010115700C5BD38 /* SceneCoordinatorType.swift */ = {isa = PBXFileReference; lastKnownFileType = sourcecode.swift; path = SceneCoordinatorType.swift; sourceTree = "<group>"; };
		ECFB9DDD2010131000C5BD38 /* SceneCoordinator.swift */ = {isa = PBXFileReference; lastKnownFileType = sourcecode.swift; path = SceneCoordinator.swift; sourceTree = "<group>"; };
		ECFB9DDF2010136100C5BD38 /* SceneTransition.swift */ = {isa = PBXFileReference; lastKnownFileType = sourcecode.swift; path = SceneTransition.swift; sourceTree = "<group>"; };
		ECFB9DE12010168700C5BD38 /* UINavigationController+PushCompletion.swift */ = {isa = PBXFileReference; lastKnownFileType = sourcecode.swift; path = "UINavigationController+PushCompletion.swift"; sourceTree = "<group>"; };
		ECFB9DE3201024B700C5BD38 /* MovieViewController.swift */ = {isa = PBXFileReference; lastKnownFileType = sourcecode.swift; path = MovieViewController.swift; sourceTree = "<group>"; };
		ECFB9DE82010598300C5BD38 /* DataSession.swift */ = {isa = PBXFileReference; lastKnownFileType = sourcecode.swift; path = DataSession.swift; sourceTree = "<group>"; };
		ECFB9DEB20107A9B00C5BD38 /* ErrorViewController.swift */ = {isa = PBXFileReference; lastKnownFileType = sourcecode.swift; path = ErrorViewController.swift; sourceTree = "<group>"; };
		ECFB9DEC20107A9B00C5BD38 /* ErrorViewController.xib */ = {isa = PBXFileReference; lastKnownFileType = file.xib; path = ErrorViewController.xib; sourceTree = "<group>"; };
		ECFB9DEF20107DD000C5BD38 /* ErrorManager.swift */ = {isa = PBXFileReference; lastKnownFileType = sourcecode.swift; path = ErrorManager.swift; sourceTree = "<group>"; };
		ECFB9DF320113A2200C5BD38 /* MovieInterector.swift */ = {isa = PBXFileReference; lastKnownFileType = sourcecode.swift; path = MovieInterector.swift; sourceTree = "<group>"; };
		ECFB9DF520113EF600C5BD38 /* MoviePresentation.swift */ = {isa = PBXFileReference; lastKnownFileType = sourcecode.swift; path = MoviePresentation.swift; sourceTree = "<group>"; };
		ECFB9DF720113F0300C5BD38 /* MoviePresenter.swift */ = {isa = PBXFileReference; lastKnownFileType = sourcecode.swift; path = MoviePresenter.swift; sourceTree = "<group>"; };
		ECFB9DFD20113F7700C5BD38 /* MovieInterectorFactory.swift */ = {isa = PBXFileReference; lastKnownFileType = sourcecode.swift; path = MovieInterectorFactory.swift; sourceTree = "<group>"; };
		ECFB9E01201141F800C5BD38 /* MoviePresenterFactory.swift */ = {isa = PBXFileReference; lastKnownFileType = sourcecode.swift; path = MoviePresenterFactory.swift; sourceTree = "<group>"; };
/* End PBXFileReference section */

/* Begin PBXFrameworksBuildPhase section */
		ECC26250200D20240025DCA1 /* Frameworks */ = {
			isa = PBXFrameworksBuildPhase;
			buildActionMask = 2147483647;
			files = (
				DC15439EBB8C8414091B6D9F /* Pods_FastMovie.framework in Frameworks */,
			);
			runOnlyForDeploymentPostprocessing = 0;
		};
		ECC26264200D20240025DCA1 /* Frameworks */ = {
			isa = PBXFrameworksBuildPhase;
			buildActionMask = 2147483647;
			files = (
			);
			runOnlyForDeploymentPostprocessing = 0;
		};
/* End PBXFrameworksBuildPhase section */

/* Begin PBXGroup section */
		D3498AE56D39CCD46607E394 /* Frameworks */ = {
			isa = PBXGroup;
			children = (
				8D3649E1AA26169EE5D29825 /* Pods_FastMovie.framework */,
			);
			name = Frameworks;
			sourceTree = "<group>";
		};
		E332F5D0B3C11331AE26429A /* Pods */ = {
			isa = PBXGroup;
			children = (
				85BA3B34E9DD3B195F76BD62 /* Pods-FastMovie.debug.xcconfig */,
				CFBC7D83DCE8106677A50F42 /* Pods-FastMovie.release.xcconfig */,
			);
			name = Pods;
			sourceTree = "<group>";
		};
		EC1C72A7200D319800D7120D /* Network */ = {
			isa = PBXGroup;
			children = (
				ECF7BA30200E6B6F001F88C3 /* Request */,
				ECF7BA31200E6B7D001F88C3 /* Result */,
				ECF7BA32200E6B8E001F88C3 /* Factories */,
			);
			path = Network;
			sourceTree = "<group>";
		};
		EC1C72A9200D31E000D7120D /* Resources */ = {
			isa = PBXGroup;
			children = (
				ECC26256200D20240025DCA1 /* AppDelegate.swift */,
				ECC2625D200D20240025DCA1 /* Assets.xcassets */,
				ECC2625F200D20240025DCA1 /* LaunchScreen.storyboard */,
				ECC26262200D20240025DCA1 /* Info.plist */,
			);
			path = Resources;
			sourceTree = "<group>";
		};
		EC1C72AA200D31ED00D7120D /* Common */ = {
			isa = PBXGroup;
			children = (
				ECFB9DEA20107A7200C5BD38 /* ErrorManager */,
				ECFB9DE52010583000C5BD38 /* Session */,
				ECFB9DD820100F5100C5BD38 /* Injectable */,
				ECF7BAA7200F23F3001F88C3 /* Identifiable */,
				ECF7BAA2200F2383001F88C3 /* DataSource */,
				ECF7BA3E200E6C6C001F88C3 /* Extension */,
			);
			path = Common;
			sourceTree = "<group>";
		};
		EC1C72AB200D321700D7120D /* Storyboard */ = {
			isa = PBXGroup;
			children = (
				ECC2625A200D20240025DCA1 /* Main.storyboard */,
			);
			path = Storyboard;
			sourceTree = "<group>";
		};
		ECC2624A200D20240025DCA1 = {
			isa = PBXGroup;
			children = (
				EC1C72AE200D32CB00D7120D /* Default-568h@2x.png */,
				ECC26255200D20240025DCA1 /* FastMovie */,
				ECC2626A200D20240025DCA1 /* FastMovieTests */,
				ECC26254200D20240025DCA1 /* Products */,
				E332F5D0B3C11331AE26429A /* Pods */,
				D3498AE56D39CCD46607E394 /* Frameworks */,
			);
			sourceTree = "<group>";
		};
		ECC26254200D20240025DCA1 /* Products */ = {
			isa = PBXGroup;
			children = (
				ECC26253200D20240025DCA1 /* FastMovie.app */,
				ECC26267200D20240025DCA1 /* FastMovieTests.xctest */,
			);
			name = Products;
			sourceTree = "<group>";
		};
		ECC26255200D20240025DCA1 /* FastMovie */ = {
			isa = PBXGroup;
			children = (
				ECFB9DCF20100AC700C5BD38 /* Coordinator */,
				ECF7BA4F200E8173001F88C3 /* Application */,
				EC1C72A7200D319800D7120D /* Network */,
				EC1C72AA200D31ED00D7120D /* Common */,
				EC1C72AB200D321700D7120D /* Storyboard */,
				EC1C72A9200D31E000D7120D /* Resources */,
			);
			path = FastMovie;
			sourceTree = "<group>";
		};
		ECC2626A200D20240025DCA1 /* FastMovieTests */ = {
			isa = PBXGroup;
			children = (
				ECC2626B200D20240025DCA1 /* FastMovieTests.swift */,
				ECC2626D200D20240025DCA1 /* Info.plist */,
			);
			path = FastMovieTests;
			sourceTree = "<group>";
		};
		ECF7BA30200E6B6F001F88C3 /* Request */ = {
			isa = PBXGroup;
			children = (
				ECF7BA33200E6BA9001F88C3 /* GET */,
			);
			path = Request;
			sourceTree = "<group>";
		};
		ECF7BA31200E6B7D001F88C3 /* Result */ = {
			isa = PBXGroup;
			children = (
				ECF7BA45200E7D9B001F88C3 /* CompletionHandler.swift */,
				ECF7BA47200E7DAE001F88C3 /* Result.swift */,
				ECF7BA49200E7DDD001F88C3 /* GenerateResultArrayToArray.swift */,
				ECF7BA4B200E7DF2001F88C3 /* GenerateResultObjectToArray.swift */,
				ECF7BA4D200E7E09001F88C3 /* GenerateResultObjectToObject.swift */,
			);
			path = Result;
			sourceTree = "<group>";
		};
		ECF7BA32200E6B8E001F88C3 /* Factories */ = {
			isa = PBXGroup;
			children = (
				ECF7BA38200E6C0C001F88C3 /* Error */,
				ECF7BA39200E6C14001F88C3 /* Request */,
			);
			path = Factories;
			sourceTree = "<group>";
		};
		ECF7BA33200E6BA9001F88C3 /* GET */ = {
			isa = PBXGroup;
			children = (
				ECF7BA34200E6BB9001F88C3 /* GetRequestable.swift */,
				ECF7BA36200E6BCB001F88C3 /* GetRequest.swift */,
			);
			path = GET;
			sourceTree = "<group>";
		};
		ECF7BA38200E6C0C001F88C3 /* Error */ = {
			isa = PBXGroup;
			children = (
				ECF7BA3C200E6C35001F88C3 /* NetworkError.swift */,
			);
			path = Error;
			sourceTree = "<group>";
		};
		ECF7BA39200E6C14001F88C3 /* Request */ = {
			isa = PBXGroup;
			children = (
				ECF7BA3A200E6C21001F88C3 /* GetRequestFactory.swift */,
			);
			path = Request;
			sourceTree = "<group>";
		};
		ECF7BA3E200E6C6C001F88C3 /* Extension */ = {
			isa = PBXGroup;
			children = (
				ECF7BA3F200E6C84001F88C3 /* String+Constants.swift */,
				ECF7BAAC200F2ABB001F88C3 /* UIColor+RandomColor.swift */,
				ECFB9D9E200FCBBB00C5BD38 /* UIView+CornerRadius.swift */,
				ECFB9DE12010168700C5BD38 /* UINavigationController+PushCompletion.swift */,
			);
			path = Extension;
			sourceTree = "<group>";
		};
		ECF7BA4F200E8173001F88C3 /* Application */ = {
			isa = PBXGroup;
			children = (
				ECF7BA50200E81B7001F88C3 /* GenreList */,
				ECFB9DAC200FE35B00C5BD38 /* GenreMovieList */,
				ECF7BA63200E8C1E001F88C3 /* Movie */,
			);
			path = Application;
			sourceTree = "<group>";
		};
		ECF7BA50200E81B7001F88C3 /* GenreList */ = {
			isa = PBXGroup;
			children = (
				ECF7BA86200EE3DB001F88C3 /* Scene */,
				ECF7BA5B200E8511001F88C3 /* Core */,
				ECF7BA5C200E851D001F88C3 /* Factories */,
			);
			path = GenreList;
			sourceTree = "<group>";
		};
		ECF7BA51200E81BF001F88C3 /* Entities */ = {
			isa = PBXGroup;
			children = (
				ECF7BA55200E821C001F88C3 /* GenreCodable.swift */,
				ECF7BA53200E820E001F88C3 /* Genre.swift */,
			);
			path = Entities;
			sourceTree = "<group>";
		};
		ECF7BA52200E81D4001F88C3 /* Gateway */ = {
			isa = PBXGroup;
			children = (
				ECF7BA57200E82EA001F88C3 /* GenresGateway.swift */,
				ECF7BA59200E8335001F88C3 /* GenresNetworkGateway.swift */,
			);
			path = Gateway;
			sourceTree = "<group>";
		};
		ECF7BA5B200E8511001F88C3 /* Core */ = {
			isa = PBXGroup;
			children = (
				ECF7BA8C200EEF78001F88C3 /* Presenter */,
				ECF7BA8B200EEF6F001F88C3 /* Interector */,
				ECF7BA52200E81D4001F88C3 /* Gateway */,
				ECF7BA51200E81BF001F88C3 /* Entities */,
			);
			path = Core;
			sourceTree = "<group>";
		};
		ECF7BA5C200E851D001F88C3 /* Factories */ = {
			isa = PBXGroup;
			children = (
				ECF7BA5D200E8525001F88C3 /* Core */,
			);
			path = Factories;
			sourceTree = "<group>";
		};
		ECF7BA5D200E8525001F88C3 /* Core */ = {
			isa = PBXGroup;
			children = (
				ECF7BA92200EF2AC001F88C3 /* Presenter */,
				ECF7BA91200EF2A5001F88C3 /* Interector */,
				ECF7BA5E200E852D001F88C3 /* Gateway */,
			);
			path = Core;
			sourceTree = "<group>";
		};
		ECF7BA5E200E852D001F88C3 /* Gateway */ = {
			isa = PBXGroup;
			children = (
				ECF7BA5F200E854C001F88C3 /* GenresNetworkGatewayFactory.swift */,
			);
			path = Gateway;
			sourceTree = "<group>";
		};
		ECF7BA63200E8C1E001F88C3 /* Movie */ = {
			isa = PBXGroup;
			children = (
				ECF7BA85200EE32A001F88C3 /* Scene */,
				ECF7BA64200E8C30001F88C3 /* Core */,
				ECF7BA65200E8C37001F88C3 /* Factories */,
			);
			path = Movie;
			sourceTree = "<group>";
		};
		ECF7BA64200E8C30001F88C3 /* Core */ = {
			isa = PBXGroup;
			children = (
				ECFB9DF1201139FC00C5BD38 /* Presenter */,
				ECFB9DF220113A0300C5BD38 /* Interector */,
				ECF7BA68200E8C52001F88C3 /* Gateway */,
				ECF7BA67200E8C4C001F88C3 /* Entities */,
			);
			path = Core;
			sourceTree = "<group>";
		};
		ECF7BA65200E8C37001F88C3 /* Factories */ = {
			isa = PBXGroup;
			children = (
				ECF7BA66200E8C42001F88C3 /* Core */,
			);
			path = Factories;
			sourceTree = "<group>";
		};
		ECF7BA66200E8C42001F88C3 /* Core */ = {
			isa = PBXGroup;
			children = (
				ECFB9DFA20113F4C00C5BD38 /* Presenter */,
				ECFB9DF920113F4600C5BD38 /* Interector */,
				ECF7BA69200E8C76001F88C3 /* Gateway */,
			);
			path = Core;
			sourceTree = "<group>";
		};
		ECF7BA67200E8C4C001F88C3 /* Entities */ = {
			isa = PBXGroup;
			children = (
				ECF7BA79200EB175001F88C3 /* MovieCodable.swift */,
				ECF7BA7B200EB18A001F88C3 /* Movie.swift */,
			);
			path = Entities;
			sourceTree = "<group>";
		};
		ECF7BA68200E8C52001F88C3 /* Gateway */ = {
			isa = PBXGroup;
			children = (
				ECF7BA7F200ECA4A001F88C3 /* MovieGateway.swift */,
				ECF7BA81200ECA5C001F88C3 /* MovieNeteworkGateway.swift */,
			);
			path = Gateway;
			sourceTree = "<group>";
		};
		ECF7BA69200E8C76001F88C3 /* Gateway */ = {
			isa = PBXGroup;
			children = (
				ECF7BA83200ED096001F88C3 /* MovieNeteworkGatewayFake.swift */,
			);
			path = Gateway;
			sourceTree = "<group>";
		};
		ECF7BA85200EE32A001F88C3 /* Scene */ = {
			isa = PBXGroup;
			children = (
				ECFB9DE3201024B700C5BD38 /* MovieViewController.swift */,
			);
			path = Scene;
			sourceTree = "<group>";
		};
		ECF7BA86200EE3DB001F88C3 /* Scene */ = {
			isa = PBXGroup;
			children = (
				ECF7BA9B200F1F07001F88C3 /* Cell */,
				ECF7BA89200EE585001F88C3 /* GenreListTableViewController.swift */,
			);
			path = Scene;
			sourceTree = "<group>";
		};
		ECF7BA8B200EEF6F001F88C3 /* Interector */ = {
			isa = PBXGroup;
			children = (
				ECF7BA8D200EEFB7001F88C3 /* GenresInterector.swift */,
			);
			path = Interector;
			sourceTree = "<group>";
		};
		ECF7BA8C200EEF78001F88C3 /* Presenter */ = {
			isa = PBXGroup;
			children = (
				ECF7BA8F200EEFC7001F88C3 /* GenresPresenter.swift */,
				ECF7BA99200EFF99001F88C3 /* GenresPresentation.swift */,
			);
			path = Presenter;
			sourceTree = "<group>";
		};
		ECF7BA91200EF2A5001F88C3 /* Interector */ = {
			isa = PBXGroup;
			children = (
				ECF7BA93200EF368001F88C3 /* GenresInterectorFactory.swift */,
			);
			path = Interector;
			sourceTree = "<group>";
		};
		ECF7BA92200EF2AC001F88C3 /* Presenter */ = {
			isa = PBXGroup;
			children = (
				ECF7BA95200EF3EA001F88C3 /* GenresPresenterFactory.swift */,
			);
			path = Presenter;
			sourceTree = "<group>";
		};
		ECF7BA9B200F1F07001F88C3 /* Cell */ = {
			isa = PBXGroup;
			children = (
				ECF7BA9E200F1F3C001F88C3 /* GenreTableViewCell.swift */,
				ECF7BA9F200F1F3C001F88C3 /* GenreTableViewCell.xib */,
			);
			path = Cell;
			sourceTree = "<group>";
		};
		ECF7BAA2200F2383001F88C3 /* DataSource */ = {
			isa = PBXGroup;
			children = (
				ECF7BAA3200F2392001F88C3 /* TableDataSource.swift */,
				ECFB9DAA200FDFD800C5BD38 /* CollectionDataSource.swift */,
				ECF7BAA5200F23D7001F88C3 /* ViewCellHandler.swift */,
			);
			path = DataSource;
			sourceTree = "<group>";
		};
		ECF7BAA7200F23F3001F88C3 /* Identifiable */ = {
			isa = PBXGroup;
			children = (
				ECF7BAA8200F23FF001F88C3 /* Identifiable.swift */,
				ECFB9DD620100D9400C5BD38 /* StoryboardIdentifier.swift */,
			);
			path = Identifiable;
			sourceTree = "<group>";
		};
		ECFB9DA3200FCF9600C5BD38 /* Cell */ = {
			isa = PBXGroup;
			children = (
				ECFB9DA4200FCFB000C5BD38 /* GenreMovieCollectionViewCell.swift */,
				ECFB9DA5200FCFB000C5BD38 /* GenreMovieCollectionViewCell.xib */,
			);
			path = Cell;
			sourceTree = "<group>";
		};
		ECFB9DAC200FE35B00C5BD38 /* GenreMovieList */ = {
			isa = PBXGroup;
			children = (
				ECFB9DAD200FE36700C5BD38 /* Scene */,
				ECFB9DAE200FE36D00C5BD38 /* Core */,
				ECFB9DAF200FE37400C5BD38 /* Factories */,
			);
			path = GenreMovieList;
			sourceTree = "<group>";
		};
		ECFB9DAD200FE36700C5BD38 /* Scene */ = {
			isa = PBXGroup;
			children = (
				ECFB9DA3200FCF9600C5BD38 /* Cell */,
				ECFB9DA8200FD01600C5BD38 /* GenreMovieListViewController.swift */,
			);
			path = Scene;
			sourceTree = "<group>";
		};
		ECFB9DAE200FE36D00C5BD38 /* Core */ = {
			isa = PBXGroup;
			children = (
				ECFB9DB3200FE4AF00C5BD38 /* Presenter */,
				ECFB9DB2200FE4A700C5BD38 /* Interector */,
				ECFB9DB4200FE4F100C5BD38 /* Gateway */,
				ECFB9DB0200FE49400C5BD38 /* Entities */,
			);
			path = Core;
			sourceTree = "<group>";
		};
		ECFB9DAF200FE37400C5BD38 /* Factories */ = {
			isa = PBXGroup;
			children = (
				ECFB9DC1200FE71C00C5BD38 /* Core */,
			);
			path = Factories;
			sourceTree = "<group>";
		};
		ECFB9DB0200FE49400C5BD38 /* Entities */ = {
			isa = PBXGroup;
			children = (
				ECF7BA75200EB084001F88C3 /* GenreMovieCodable.swift */,
				ECF7BA77200EB127001F88C3 /* GenreMovie.swift */,
			);
			path = Entities;
			sourceTree = "<group>";
		};
		ECFB9DB2200FE4A700C5BD38 /* Interector */ = {
			isa = PBXGroup;
			children = (
				ECFB9DBF200FE70200C5BD38 /* GenreMoviesInterector.swift */,
			);
			path = Interector;
			sourceTree = "<group>";
		};
		ECFB9DB3200FE4AF00C5BD38 /* Presenter */ = {
			isa = PBXGroup;
			children = (
				ECFB9DC7200FEA5100C5BD38 /* GenreMoviesPresenter.swift */,
				ECFB9DC9200FEA6000C5BD38 /* GenreMoviesPresentation.swift */,
			);
			path = Presenter;
			sourceTree = "<group>";
		};
		ECFB9DB4200FE4F100C5BD38 /* Gateway */ = {
			isa = PBXGroup;
			children = (
				ECFB9DBB200FE62500C5BD38 /* GenreMoviesGateway.swift */,
				ECFB9DBD200FE65300C5BD38 /* GenreMoviesNetworkGateway.swift */,
			);
			path = Gateway;
			sourceTree = "<group>";
		};
		ECFB9DC1200FE71C00C5BD38 /* Core */ = {
			isa = PBXGroup;
			children = (
				ECFB9DC4200FE72F00C5BD38 /* Presenter */,
				ECFB9DC3200FE72A00C5BD38 /* Interector */,
				ECFB9DC2200FE72300C5BD38 /* Gateway */,
			);
			path = Core;
			sourceTree = "<group>";
		};
		ECFB9DC2200FE72300C5BD38 /* Gateway */ = {
			isa = PBXGroup;
			children = (
				ECFB9DC5200FE74E00C5BD38 /* GenreMoviesNetworkGatewayFactory.swift */,
			);
			path = Gateway;
			sourceTree = "<group>";
		};
		ECFB9DC3200FE72A00C5BD38 /* Interector */ = {
			isa = PBXGroup;
			children = (
				ECFB9DCB200FEAE400C5BD38 /* GenreMoviesInterectorFactory.swift */,
			);
			path = Interector;
			sourceTree = "<group>";
		};
		ECFB9DC4200FE72F00C5BD38 /* Presenter */ = {
			isa = PBXGroup;
			children = (
				ECFB9DCD200FECBE00C5BD38 /* GenreMoviesPresenterFactory.swift */,
			);
			path = Presenter;
			sourceTree = "<group>";
		};
		ECFB9DCF20100AC700C5BD38 /* Coordinator */ = {
			isa = PBXGroup;
			children = (
				ECFB9DD020100AF300C5BD38 /* SceneType.swift */,
				ECFB9DD220100CA900C5BD38 /* Scene.swift */,
				ECFB9DD420100D0600C5BD38 /* Scene+SceneType.swift */,
				ECFB9DDB2010115700C5BD38 /* SceneCoordinatorType.swift */,
				ECFB9DDD2010131000C5BD38 /* SceneCoordinator.swift */,
				ECFB9DDF2010136100C5BD38 /* SceneTransition.swift */,
			);
			path = Coordinator;
			sourceTree = "<group>";
		};
		ECFB9DD820100F5100C5BD38 /* Injectable */ = {
			isa = PBXGroup;
			children = (
				ECFB9DD920100F5D00C5BD38 /* Injectable.swift */,
			);
			path = Injectable;
			sourceTree = "<group>";
		};
		ECFB9DE52010583000C5BD38 /* Session */ = {
			isa = PBXGroup;
			children = (
				ECFB9DE82010598300C5BD38 /* DataSession.swift */,
			);
			path = Session;
			sourceTree = "<group>";
		};
		ECFB9DEA20107A7200C5BD38 /* ErrorManager */ = {
			isa = PBXGroup;
			children = (
				ECFB9DEB20107A9B00C5BD38 /* ErrorViewController.swift */,
				ECFB9DEC20107A9B00C5BD38 /* ErrorViewController.xib */,
				ECFB9DEF20107DD000C5BD38 /* ErrorManager.swift */,
			);
			path = ErrorManager;
			sourceTree = "<group>";
		};
		ECFB9DF1201139FC00C5BD38 /* Presenter */ = {
			isa = PBXGroup;
			children = (
				ECFB9DF720113F0300C5BD38 /* MoviePresenter.swift */,
				ECFB9DF520113EF600C5BD38 /* MoviePresentation.swift */,
			);
			path = Presenter;
			sourceTree = "<group>";
		};
		ECFB9DF220113A0300C5BD38 /* Interector */ = {
			isa = PBXGroup;
			children = (
				ECFB9DF320113A2200C5BD38 /* MovieInterector.swift */,
			);
			path = Interector;
			sourceTree = "<group>";
		};
		ECFB9DF920113F4600C5BD38 /* Interector */ = {
			isa = PBXGroup;
			children = (
				ECFB9DFD20113F7700C5BD38 /* MovieInterectorFactory.swift */,
			);
			path = Interector;
			sourceTree = "<group>";
		};
		ECFB9DFA20113F4C00C5BD38 /* Presenter */ = {
			isa = PBXGroup;
			children = (
				ECFB9E01201141F800C5BD38 /* MoviePresenterFactory.swift */,
			);
			path = Presenter;
			sourceTree = "<group>";
		};
/* End PBXGroup section */

/* Begin PBXNativeTarget section */
		ECC26252200D20240025DCA1 /* FastMovie */ = {
			isa = PBXNativeTarget;
			buildConfigurationList = ECC26270200D20240025DCA1 /* Build configuration list for PBXNativeTarget "FastMovie" */;
			buildPhases = (
				EC6579123DF6A58A13E24E53 /* [CP] Check Pods Manifest.lock */,
				ECC2624F200D20240025DCA1 /* Sources */,
				ECC26250200D20240025DCA1 /* Frameworks */,
				ECC26251200D20240025DCA1 /* Resources */,
				D28C97F0861D9AFAF45EB803 /* [CP] Embed Pods Frameworks */,
				8B929E5127A056F37EB33DBA /* [CP] Copy Pods Resources */,
			);
			buildRules = (
			);
			dependencies = (
			);
			name = FastMovie;
			productName = FastMovie;
			productReference = ECC26253200D20240025DCA1 /* FastMovie.app */;
			productType = "com.apple.product-type.application";
		};
		ECC26266200D20240025DCA1 /* FastMovieTests */ = {
			isa = PBXNativeTarget;
			buildConfigurationList = ECC26273200D20240025DCA1 /* Build configuration list for PBXNativeTarget "FastMovieTests" */;
			buildPhases = (
				ECC26263200D20240025DCA1 /* Sources */,
				ECC26264200D20240025DCA1 /* Frameworks */,
				ECC26265200D20240025DCA1 /* Resources */,
			);
			buildRules = (
			);
			dependencies = (
				ECC26269200D20240025DCA1 /* PBXTargetDependency */,
			);
			name = FastMovieTests;
			productName = FastMovieTests;
			productReference = ECC26267200D20240025DCA1 /* FastMovieTests.xctest */;
			productType = "com.apple.product-type.bundle.unit-test";
		};
/* End PBXNativeTarget section */

/* Begin PBXProject section */
		ECC2624B200D20240025DCA1 /* Project object */ = {
			isa = PBXProject;
			attributes = {
				LastSwiftUpdateCheck = 0920;
				LastUpgradeCheck = 0920;
				ORGANIZATIONNAME = "Lázaro Lima dos Santos";
				TargetAttributes = {
					ECC26252200D20240025DCA1 = {
						CreatedOnToolsVersion = 9.2;
						ProvisioningStyle = Automatic;
					};
					ECC26266200D20240025DCA1 = {
						CreatedOnToolsVersion = 9.2;
						ProvisioningStyle = Automatic;
						TestTargetID = ECC26252200D20240025DCA1;
					};
				};
			};
			buildConfigurationList = ECC2624E200D20240025DCA1 /* Build configuration list for PBXProject "FastMovie" */;
			compatibilityVersion = "Xcode 8.0";
			developmentRegion = en;
			hasScannedForEncodings = 0;
			knownRegions = (
				en,
				Base,
			);
			mainGroup = ECC2624A200D20240025DCA1;
			productRefGroup = ECC26254200D20240025DCA1 /* Products */;
			projectDirPath = "";
			projectRoot = "";
			targets = (
				ECC26252200D20240025DCA1 /* FastMovie */,
				ECC26266200D20240025DCA1 /* FastMovieTests */,
			);
		};
/* End PBXProject section */

/* Begin PBXResourcesBuildPhase section */
		ECC26251200D20240025DCA1 /* Resources */ = {
			isa = PBXResourcesBuildPhase;
			buildActionMask = 2147483647;
			files = (
				ECC26261200D20240025DCA1 /* LaunchScreen.storyboard in Resources */,
				EC1C72AF200D32CB00D7120D /* Default-568h@2x.png in Resources */,
				ECFB9DEE20107A9B00C5BD38 /* ErrorViewController.xib in Resources */,
				ECFB9DA7200FCFB000C5BD38 /* GenreMovieCollectionViewCell.xib in Resources */,
				ECC2625E200D20240025DCA1 /* Assets.xcassets in Resources */,
				ECF7BAA1200F1F3C001F88C3 /* GenreTableViewCell.xib in Resources */,
				ECC2625C200D20240025DCA1 /* Main.storyboard in Resources */,
			);
			runOnlyForDeploymentPostprocessing = 0;
		};
		ECC26265200D20240025DCA1 /* Resources */ = {
			isa = PBXResourcesBuildPhase;
			buildActionMask = 2147483647;
			files = (
			);
			runOnlyForDeploymentPostprocessing = 0;
		};
/* End PBXResourcesBuildPhase section */

/* Begin PBXShellScriptBuildPhase section */
		8B929E5127A056F37EB33DBA /* [CP] Copy Pods Resources */ = {
			isa = PBXShellScriptBuildPhase;
			buildActionMask = 2147483647;
			files = (
			);
			inputPaths = (
			);
			name = "[CP] Copy Pods Resources";
			outputPaths = (
			);
			runOnlyForDeploymentPostprocessing = 0;
			shellPath = /bin/sh;
			shellScript = "\"${SRCROOT}/Pods/Target Support Files/Pods-FastMovie/Pods-FastMovie-resources.sh\"\n";
			showEnvVarsInLog = 0;
		};
		D28C97F0861D9AFAF45EB803 /* [CP] Embed Pods Frameworks */ = {
			isa = PBXShellScriptBuildPhase;
			buildActionMask = 2147483647;
			files = (
			);
			inputPaths = (
			);
			name = "[CP] Embed Pods Frameworks";
			outputPaths = (
			);
			runOnlyForDeploymentPostprocessing = 0;
			shellPath = /bin/sh;
			shellScript = "\"${SRCROOT}/Pods/Target Support Files/Pods-FastMovie/Pods-FastMovie-frameworks.sh\"\n";
			showEnvVarsInLog = 0;
		};
		EC6579123DF6A58A13E24E53 /* [CP] Check Pods Manifest.lock */ = {
			isa = PBXShellScriptBuildPhase;
			buildActionMask = 2147483647;
			files = (
			);
			inputPaths = (
			);
			name = "[CP] Check Pods Manifest.lock";
			outputPaths = (
			);
			runOnlyForDeploymentPostprocessing = 0;
			shellPath = /bin/sh;
			shellScript = "diff \"${PODS_PODFILE_DIR_PATH}/Podfile.lock\" \"${PODS_ROOT}/Manifest.lock\" > /dev/null\nif [ $? != 0 ] ; then\n    # print error to STDERR\n    echo \"error: The sandbox is not in sync with the Podfile.lock. Run 'pod install' or update your CocoaPods installation.\" >&2\n    exit 1\nfi\n";
			showEnvVarsInLog = 0;
		};
/* End PBXShellScriptBuildPhase section */

/* Begin PBXSourcesBuildPhase section */
		ECC2624F200D20240025DCA1 /* Sources */ = {
			isa = PBXSourcesBuildPhase;
			buildActionMask = 2147483647;
			files = (
				ECF7BA5A200E8335001F88C3 /* GenresNetworkGateway.swift in Sources */,
				ECFB9DC8200FEA5100C5BD38 /* GenreMoviesPresenter.swift in Sources */,
				ECFB9DD120100AF300C5BD38 /* SceneType.swift in Sources */,
				ECFB9DF020107DD000C5BD38 /* ErrorManager.swift in Sources */,
				ECF7BA48200E7DAE001F88C3 /* Result.swift in Sources */,
				ECF7BA4C200E7DF2001F88C3 /* GenerateResultObjectToArray.swift in Sources */,
				ECFB9DCA200FEA6000C5BD38 /* GenreMoviesPresentation.swift in Sources */,
				ECF7BA96200EF3EA001F88C3 /* GenresPresenterFactory.swift in Sources */,
				ECFB9DD720100D9400C5BD38 /* StoryboardIdentifier.swift in Sources */,
				ECF7BA7A200EB175001F88C3 /* MovieCodable.swift in Sources */,
				ECF7BA94200EF368001F88C3 /* GenresInterectorFactory.swift in Sources */,
				ECFB9DA9200FD01600C5BD38 /* GenreMovieListViewController.swift in Sources */,
				ECF7BA9A200EFF99001F88C3 /* GenresPresentation.swift in Sources */,
				ECF7BA56200E821C001F88C3 /* GenreCodable.swift in Sources */,
				ECFB9DDE2010131000C5BD38 /* SceneCoordinator.swift in Sources */,
				ECF7BA8A200EE585001F88C3 /* GenreListTableViewController.swift in Sources */,
				ECF7BAA6200F23D7001F88C3 /* ViewCellHandler.swift in Sources */,
				ECFB9DC6200FE74E00C5BD38 /* GenreMoviesNetworkGatewayFactory.swift in Sources */,
				ECF7BA82200ECA5C001F88C3 /* MovieNeteworkGateway.swift in Sources */,
				ECFB9DAB200FDFD800C5BD38 /* CollectionDataSource.swift in Sources */,
				ECF7BA35200E6BB9001F88C3 /* GetRequestable.swift in Sources */,
				ECF7BAAD200F2ABB001F88C3 /* UIColor+RandomColor.swift in Sources */,
				ECFB9DE22010168700C5BD38 /* UINavigationController+PushCompletion.swift in Sources */,
				ECFB9DFE20113F7700C5BD38 /* MovieInterectorFactory.swift in Sources */,
				ECFB9DC0200FE70200C5BD38 /* GenreMoviesInterector.swift in Sources */,
				ECFB9DD320100CA900C5BD38 /* Scene.swift in Sources */,
				ECF7BA8E200EEFB7001F88C3 /* GenresInterector.swift in Sources */,
				ECFB9DCE200FECBE00C5BD38 /* GenreMoviesPresenterFactory.swift in Sources */,
				ECFB9DE02010136100C5BD38 /* SceneTransition.swift in Sources */,
				ECF7BAA4200F2392001F88C3 /* TableDataSource.swift in Sources */,
				ECF7BA54200E820E001F88C3 /* Genre.swift in Sources */,
				ECC26257200D20240025DCA1 /* AppDelegate.swift in Sources */,
				ECFB9E02201141F800C5BD38 /* MoviePresenterFactory.swift in Sources */,
				ECFB9DBC200FE62500C5BD38 /* GenreMoviesGateway.swift in Sources */,
				ECF7BA58200E82EA001F88C3 /* GenresGateway.swift in Sources */,
				ECF7BA90200EEFC7001F88C3 /* GenresPresenter.swift in Sources */,
				ECFB9D9F200FCBBB00C5BD38 /* UIView+CornerRadius.swift in Sources */,
				ECF7BA4E200E7E09001F88C3 /* GenerateResultObjectToObject.swift in Sources */,
				ECF7BAA9200F23FF001F88C3 /* Identifiable.swift in Sources */,
				ECFB9DD520100D0600C5BD38 /* Scene+SceneType.swift in Sources */,
				ECF7BAA0200F1F3C001F88C3 /* GenreTableViewCell.swift in Sources */,
				ECF7BA46200E7D9B001F88C3 /* CompletionHandler.swift in Sources */,
				ECFB9DCC200FEAE400C5BD38 /* GenreMoviesInterectorFactory.swift in Sources */,
				ECFB9DDC2010115700C5BD38 /* SceneCoordinatorType.swift in Sources */,
				ECFB9DED20107A9B00C5BD38 /* ErrorViewController.swift in Sources */,
				ECF7BA4A200E7DDD001F88C3 /* GenerateResultArrayToArray.swift in Sources */,
				ECF7BA40200E6C84001F88C3 /* String+Constants.swift in Sources */,
				ECFB9DE92010598300C5BD38 /* DataSession.swift in Sources */,
				ECFB9DE4201024B700C5BD38 /* MovieViewController.swift in Sources */,
				ECFB9DF420113A2200C5BD38 /* MovieInterector.swift in Sources */,
				ECF7BA60200E854C001F88C3 /* GenresNetworkGatewayFactory.swift in Sources */,
				ECF7BA7C200EB18A001F88C3 /* Movie.swift in Sources */,
				ECF7BA37200E6BCB001F88C3 /* GetRequest.swift in Sources */,
				ECF7BA84200ED096001F88C3 /* MovieNeteworkGatewayFake.swift in Sources */,
				ECF7BA78200EB127001F88C3 /* GenreMovie.swift in Sources */,
				ECFB9DF620113EF600C5BD38 /* MoviePresentation.swift in Sources */,
				ECF7BA80200ECA4A001F88C3 /* MovieGateway.swift in Sources */,
				ECFB9DF820113F0300C5BD38 /* MoviePresenter.swift in Sources */,
				ECF7BA76200EB084001F88C3 /* GenreMovieCodable.swift in Sources */,
				ECFB9DDA20100F5D00C5BD38 /* Injectable.swift in Sources */,
				ECFB9DBE200FE65300C5BD38 /* GenreMoviesNetworkGateway.swift in Sources */,
				ECFB9DA6200FCFB000C5BD38 /* GenreMovieCollectionViewCell.swift in Sources */,
				ECF7BA3B200E6C21001F88C3 /* GetRequestFactory.swift in Sources */,
				ECF7BA3D200E6C35001F88C3 /* NetworkError.swift in Sources */,
			);
			runOnlyForDeploymentPostprocessing = 0;
		};
		ECC26263200D20240025DCA1 /* Sources */ = {
			isa = PBXSourcesBuildPhase;
			buildActionMask = 2147483647;
			files = (
				ECC2626C200D20240025DCA1 /* FastMovieTests.swift in Sources */,
			);
			runOnlyForDeploymentPostprocessing = 0;
		};
/* End PBXSourcesBuildPhase section */

/* Begin PBXTargetDependency section */
		ECC26269200D20240025DCA1 /* PBXTargetDependency */ = {
			isa = PBXTargetDependency;
			target = ECC26252200D20240025DCA1 /* FastMovie */;
			targetProxy = ECC26268200D20240025DCA1 /* PBXContainerItemProxy */;
		};
/* End PBXTargetDependency section */

/* Begin PBXVariantGroup section */
		ECC2625A200D20240025DCA1 /* Main.storyboard */ = {
			isa = PBXVariantGroup;
			children = (
				ECC2625B200D20240025DCA1 /* Base */,
			);
			name = Main.storyboard;
			sourceTree = "<group>";
		};
		ECC2625F200D20240025DCA1 /* LaunchScreen.storyboard */ = {
			isa = PBXVariantGroup;
			children = (
				ECC26260200D20240025DCA1 /* Base */,
			);
			name = LaunchScreen.storyboard;
			sourceTree = "<group>";
		};
/* End PBXVariantGroup section */

/* Begin XCBuildConfiguration section */
		ECC2626E200D20240025DCA1 /* Debug */ = {
			isa = XCBuildConfiguration;
			buildSettings = {
				ALWAYS_SEARCH_USER_PATHS = NO;
				CLANG_ANALYZER_NONNULL = YES;
				CLANG_ANALYZER_NUMBER_OBJECT_CONVERSION = YES_AGGRESSIVE;
				CLANG_CXX_LANGUAGE_STANDARD = "gnu++14";
				CLANG_CXX_LIBRARY = "libc++";
				CLANG_ENABLE_MODULES = YES;
				CLANG_ENABLE_OBJC_ARC = YES;
				CLANG_WARN_BLOCK_CAPTURE_AUTORELEASING = YES;
				CLANG_WARN_BOOL_CONVERSION = YES;
				CLANG_WARN_COMMA = YES;
				CLANG_WARN_CONSTANT_CONVERSION = YES;
				CLANG_WARN_DIRECT_OBJC_ISA_USAGE = YES_ERROR;
				CLANG_WARN_DOCUMENTATION_COMMENTS = YES;
				CLANG_WARN_EMPTY_BODY = YES;
				CLANG_WARN_ENUM_CONVERSION = YES;
				CLANG_WARN_INFINITE_RECURSION = YES;
				CLANG_WARN_INT_CONVERSION = YES;
				CLANG_WARN_NON_LITERAL_NULL_CONVERSION = YES;
				CLANG_WARN_OBJC_LITERAL_CONVERSION = YES;
				CLANG_WARN_OBJC_ROOT_CLASS = YES_ERROR;
				CLANG_WARN_RANGE_LOOP_ANALYSIS = YES;
				CLANG_WARN_STRICT_PROTOTYPES = YES;
				CLANG_WARN_SUSPICIOUS_MOVE = YES;
				CLANG_WARN_UNGUARDED_AVAILABILITY = YES_AGGRESSIVE;
				CLANG_WARN_UNREACHABLE_CODE = YES;
				CLANG_WARN__DUPLICATE_METHOD_MATCH = YES;
				CODE_SIGN_IDENTITY = "iPhone Developer";
				COPY_PHASE_STRIP = NO;
				DEBUG_INFORMATION_FORMAT = dwarf;
				ENABLE_STRICT_OBJC_MSGSEND = YES;
				ENABLE_TESTABILITY = YES;
				GCC_C_LANGUAGE_STANDARD = gnu11;
				GCC_DYNAMIC_NO_PIC = NO;
				GCC_NO_COMMON_BLOCKS = YES;
				GCC_OPTIMIZATION_LEVEL = 0;
				GCC_PREPROCESSOR_DEFINITIONS = (
					"DEBUG=1",
					"$(inherited)",
				);
				GCC_WARN_64_TO_32_BIT_CONVERSION = YES;
				GCC_WARN_ABOUT_RETURN_TYPE = YES_ERROR;
				GCC_WARN_UNDECLARED_SELECTOR = YES;
				GCC_WARN_UNINITIALIZED_AUTOS = YES_AGGRESSIVE;
				GCC_WARN_UNUSED_FUNCTION = YES;
				GCC_WARN_UNUSED_VARIABLE = YES;
				IPHONEOS_DEPLOYMENT_TARGET = 11.2;
				MTL_ENABLE_DEBUG_INFO = YES;
				ONLY_ACTIVE_ARCH = YES;
				SDKROOT = iphoneos;
				SWIFT_ACTIVE_COMPILATION_CONDITIONS = DEBUG;
				SWIFT_OPTIMIZATION_LEVEL = "-Onone";
			};
			name = Debug;
		};
		ECC2626F200D20240025DCA1 /* Release */ = {
			isa = XCBuildConfiguration;
			buildSettings = {
				ALWAYS_SEARCH_USER_PATHS = NO;
				CLANG_ANALYZER_NONNULL = YES;
				CLANG_ANALYZER_NUMBER_OBJECT_CONVERSION = YES_AGGRESSIVE;
				CLANG_CXX_LANGUAGE_STANDARD = "gnu++14";
				CLANG_CXX_LIBRARY = "libc++";
				CLANG_ENABLE_MODULES = YES;
				CLANG_ENABLE_OBJC_ARC = YES;
				CLANG_WARN_BLOCK_CAPTURE_AUTORELEASING = YES;
				CLANG_WARN_BOOL_CONVERSION = YES;
				CLANG_WARN_COMMA = YES;
				CLANG_WARN_CONSTANT_CONVERSION = YES;
				CLANG_WARN_DIRECT_OBJC_ISA_USAGE = YES_ERROR;
				CLANG_WARN_DOCUMENTATION_COMMENTS = YES;
				CLANG_WARN_EMPTY_BODY = YES;
				CLANG_WARN_ENUM_CONVERSION = YES;
				CLANG_WARN_INFINITE_RECURSION = YES;
				CLANG_WARN_INT_CONVERSION = YES;
				CLANG_WARN_NON_LITERAL_NULL_CONVERSION = YES;
				CLANG_WARN_OBJC_LITERAL_CONVERSION = YES;
				CLANG_WARN_OBJC_ROOT_CLASS = YES_ERROR;
				CLANG_WARN_RANGE_LOOP_ANALYSIS = YES;
				CLANG_WARN_STRICT_PROTOTYPES = YES;
				CLANG_WARN_SUSPICIOUS_MOVE = YES;
				CLANG_WARN_UNGUARDED_AVAILABILITY = YES_AGGRESSIVE;
				CLANG_WARN_UNREACHABLE_CODE = YES;
				CLANG_WARN__DUPLICATE_METHOD_MATCH = YES;
				CODE_SIGN_IDENTITY = "iPhone Developer";
				COPY_PHASE_STRIP = NO;
				DEBUG_INFORMATION_FORMAT = "dwarf-with-dsym";
				ENABLE_NS_ASSERTIONS = NO;
				ENABLE_STRICT_OBJC_MSGSEND = YES;
				GCC_C_LANGUAGE_STANDARD = gnu11;
				GCC_NO_COMMON_BLOCKS = YES;
				GCC_WARN_64_TO_32_BIT_CONVERSION = YES;
				GCC_WARN_ABOUT_RETURN_TYPE = YES_ERROR;
				GCC_WARN_UNDECLARED_SELECTOR = YES;
				GCC_WARN_UNINITIALIZED_AUTOS = YES_AGGRESSIVE;
				GCC_WARN_UNUSED_FUNCTION = YES;
				GCC_WARN_UNUSED_VARIABLE = YES;
				IPHONEOS_DEPLOYMENT_TARGET = 11.2;
				MTL_ENABLE_DEBUG_INFO = NO;
				SDKROOT = iphoneos;
				SWIFT_OPTIMIZATION_LEVEL = "-Owholemodule";
				VALIDATE_PRODUCT = YES;
			};
			name = Release;
		};
		ECC26271200D20240025DCA1 /* Debug */ = {
			isa = XCBuildConfiguration;
			baseConfigurationReference = 85BA3B34E9DD3B195F76BD62 /* Pods-FastMovie.debug.xcconfig */;
			buildSettings = {
				ASSETCATALOG_COMPILER_APPICON_NAME = AppIcon;
				CODE_SIGN_STYLE = Automatic;
				DEVELOPMENT_TEAM = FTX78TLLU2;
				INFOPLIST_FILE = FastMovie/Resources/Info.plist;
				IPHONEOS_DEPLOYMENT_TARGET = 11.0;
				LD_RUNPATH_SEARCH_PATHS = "$(inherited) @executable_path/Frameworks";
				PRODUCT_BUNDLE_IDENTIFIER = FastShop.FastMovie;
				PRODUCT_NAME = "$(TARGET_NAME)";
				SWIFT_VERSION = 4.0;
				TARGETED_DEVICE_FAMILY = 1;
			};
			name = Debug;
		};
		ECC26272200D20240025DCA1 /* Release */ = {
			isa = XCBuildConfiguration;
			baseConfigurationReference = CFBC7D83DCE8106677A50F42 /* Pods-FastMovie.release.xcconfig */;
			buildSettings = {
				ASSETCATALOG_COMPILER_APPICON_NAME = AppIcon;
				CODE_SIGN_STYLE = Automatic;
				DEVELOPMENT_TEAM = FTX78TLLU2;
				INFOPLIST_FILE = FastMovie/Resources/Info.plist;
				IPHONEOS_DEPLOYMENT_TARGET = 11.0;
				LD_RUNPATH_SEARCH_PATHS = "$(inherited) @executable_path/Frameworks";
				PRODUCT_BUNDLE_IDENTIFIER = FastShop.FastMovie;
				PRODUCT_NAME = "$(TARGET_NAME)";
				SWIFT_VERSION = 4.0;
				TARGETED_DEVICE_FAMILY = 1;
			};
			name = Release;
		};
		ECC26274200D20240025DCA1 /* Debug */ = {
			isa = XCBuildConfiguration;
			buildSettings = {
				ALWAYS_EMBED_SWIFT_STANDARD_LIBRARIES = YES;
				BUNDLE_LOADER = "$(TEST_HOST)";
				CODE_SIGN_STYLE = Automatic;
				INFOPLIST_FILE = FastMovieTests/Info.plist;
				LD_RUNPATH_SEARCH_PATHS = "$(inherited) @executable_path/Frameworks @loader_path/Frameworks";
				PRODUCT_BUNDLE_IDENTIFIER = FastShop.FastMovieTests;
				PRODUCT_NAME = "$(TARGET_NAME)";
				SWIFT_VERSION = 4.0;
				TARGETED_DEVICE_FAMILY = "1,2";
				TEST_HOST = "$(BUILT_PRODUCTS_DIR)/FastMovie.app/FastMovie";
			};
			name = Debug;
		};
		ECC26275200D20240025DCA1 /* Release */ = {
			isa = XCBuildConfiguration;
			buildSettings = {
				ALWAYS_EMBED_SWIFT_STANDARD_LIBRARIES = YES;
				BUNDLE_LOADER = "$(TEST_HOST)";
				CODE_SIGN_STYLE = Automatic;
				INFOPLIST_FILE = FastMovieTests/Info.plist;
				LD_RUNPATH_SEARCH_PATHS = "$(inherited) @executable_path/Frameworks @loader_path/Frameworks";
				PRODUCT_BUNDLE_IDENTIFIER = FastShop.FastMovieTests;
				PRODUCT_NAME = "$(TARGET_NAME)";
				SWIFT_VERSION = 4.0;
				TARGETED_DEVICE_FAMILY = "1,2";
				TEST_HOST = "$(BUILT_PRODUCTS_DIR)/FastMovie.app/FastMovie";
			};
			name = Release;
		};
/* End XCBuildConfiguration section */

/* Begin XCConfigurationList section */
		ECC2624E200D20240025DCA1 /* Build configuration list for PBXProject "FastMovie" */ = {
			isa = XCConfigurationList;
			buildConfigurations = (
				ECC2626E200D20240025DCA1 /* Debug */,
				ECC2626F200D20240025DCA1 /* Release */,
			);
			defaultConfigurationIsVisible = 0;
			defaultConfigurationName = Release;
		};
		ECC26270200D20240025DCA1 /* Build configuration list for PBXNativeTarget "FastMovie" */ = {
			isa = XCConfigurationList;
			buildConfigurations = (
				ECC26271200D20240025DCA1 /* Debug */,
				ECC26272200D20240025DCA1 /* Release */,
			);
			defaultConfigurationIsVisible = 0;
			defaultConfigurationName = Release;
		};
		ECC26273200D20240025DCA1 /* Build configuration list for PBXNativeTarget "FastMovieTests" */ = {
			isa = XCConfigurationList;
			buildConfigurations = (
				ECC26274200D20240025DCA1 /* Debug */,
				ECC26275200D20240025DCA1 /* Release */,
			);
			defaultConfigurationIsVisible = 0;
			defaultConfigurationName = Release;
		};
/* End XCConfigurationList section */
	};
	rootObject = ECC2624B200D20240025DCA1 /* Project object */;
}
